{
  "version": 4,
  "terraform_version": "1.1.2",
  "serial": 106,
  "lineage": "504f9a41-36a7-ab6b-650f-4296c7e74dca",
  "outputs": {},
  "resources": [
    {
      "mode": "managed",
      "type": "google_folder",
      "name": "tf_networking",
      "provider": "provider[\"registry.terraform.io/hashicorp/google\"]",
      "instances": [
        {
          "index_key": "tf-dept-a",
          "schema_version": 0,
          "attributes": {
            "create_time": "2022-01-10T15:59:57.902Z",
            "display_name": "tf-dept-a",
            "folder_id": "70916568166",
            "id": "folders/70916568166",
            "lifecycle_state": "ACTIVE",
            "name": "folders/70916568166",
            "parent": "organizations/1098571864372",
            "timeouts": null
          },
          "sensitive_attributes": [],
          "private": "eyJlMmJmYjczMC1lY2FhLTExZTYtOGY4OC0zNDM2M2JjN2M0YzAiOnsiY3JlYXRlIjoyNDAwMDAwMDAwMDAsImRlbGV0ZSI6MjQwMDAwMDAwMDAwLCJyZWFkIjoyNDAwMDAwMDAwMDAsInVwZGF0ZSI6MjQwMDAwMDAwMDAwfX0="
        },
        {
          "index_key": "tf-dept-b",
          "schema_version": 0,
          "attributes": {
            "create_time": "2022-01-10T15:59:58.170Z",
            "display_name": "tf-dept-b",
            "folder_id": "190034549850",
            "id": "folders/190034549850",
            "lifecycle_state": "ACTIVE",
            "name": "folders/190034549850",
            "parent": "organizations/1098571864372",
            "timeouts": null
          },
          "sensitive_attributes": [],
          "private": "eyJlMmJmYjczMC1lY2FhLTExZTYtOGY4OC0zNDM2M2JjN2M0YzAiOnsiY3JlYXRlIjoyNDAwMDAwMDAwMDAsImRlbGV0ZSI6MjQwMDAwMDAwMDAwLCJyZWFkIjoyNDAwMDAwMDAwMDAsInVwZGF0ZSI6MjQwMDAwMDAwMDAwfX0="
        },
        {
          "index_key": "tf-networking",
          "schema_version": 0,
          "attributes": {
            "create_time": "2022-01-10T15:59:57.575Z",
            "display_name": "tf-networking",
            "folder_id": "451716216464",
            "id": "folders/451716216464",
            "lifecycle_state": "ACTIVE",
            "name": "folders/451716216464",
            "parent": "organizations/1098571864372",
            "timeouts": null
          },
          "sensitive_attributes": [],
          "private": "eyJlMmJmYjczMC1lY2FhLTExZTYtOGY4OC0zNDM2M2JjN2M0YzAiOnsiY3JlYXRlIjoyNDAwMDAwMDAwMDAsImRlbGV0ZSI6MjQwMDAwMDAwMDAwLCJyZWFkIjoyNDAwMDAwMDAwMDAsInVwZGF0ZSI6MjQwMDAwMDAwMDAwfX0="
        }
      ]
    },
    {
      "mode": "managed",
      "type": "google_org_policy_policy",
      "name": "sandbox_policy_1",
      "provider": "provider[\"registry.terraform.io/hashicorp/google\"]",
      "instances": [
        {
          "schema_version": 0,
          "attributes": {
            "id": "projects/tf-sandbox-0c7b06c0/policies/compute.vmExternalIpAccess",
            "name": "1098571864372/constraints/compute.vmExternalIpAccess",
            "parent": "projects/tf-sandbox-0c7b06c0",
            "spec": [
              {
                "etag": "CKyw8Y4GELD3iJIC",
                "inherit_from_parent": false,
                "reset": false,
                "rules": [
                  {
                    "allow_all": "TRUE",
                    "condition": [],
                    "deny_all": "",
                    "enforce": "",
                    "values": []
                  }
                ],
                "update_time": "2022-01-10T16:00:44.574766Z"
              }
            ],
            "timeouts": null
          },
          "sensitive_attributes": [],
          "private": "eyJlMmJmYjczMC1lY2FhLTExZTYtOGY4OC0zNDM2M2JjN2M0YzAiOnsiY3JlYXRlIjo2MDAwMDAwMDAwMDAsImRlbGV0ZSI6NjAwMDAwMDAwMDAwLCJ1cGRhdGUiOjYwMDAwMDAwMDAwMH19",
          "dependencies": [
            "google_project.project",
            "random_id.id"
          ]
        }
      ]
    },
    {
      "mode": "managed",
      "type": "google_project",
      "name": "project",
      "provider": "provider[\"registry.terraform.io/hashicorp/google\"]",
      "instances": [
        {
          "schema_version": 1,
          "attributes": {
            "auto_create_network": true,
            "billing_account": "01CF89-BC7A7D-004102",
            "folder_id": "",
            "id": "projects/tf-sandbox-0c7b06c0",
            "labels": {},
            "name": "tf-sandbox",
            "number": "437003028512",
            "org_id": "1098571864372",
            "project_id": "tf-sandbox-0c7b06c0",
            "skip_delete": null,
            "timeouts": null
          },
          "sensitive_attributes": [],
          "private": "eyJlMmJmYjczMC1lY2FhLTExZTYtOGY4OC0zNDM2M2JjN2M0YzAiOnsiY3JlYXRlIjo2MDAwMDAwMDAwMDAsImRlbGV0ZSI6NjAwMDAwMDAwMDAwLCJyZWFkIjo2MDAwMDAwMDAwMDAsInVwZGF0ZSI6NjAwMDAwMDAwMDAwfSwic2NoZW1hX3ZlcnNpb24iOiIxIn0=",
          "dependencies": [
            "random_id.id"
          ]
        }
      ]
    },
    {
      "mode": "managed",
      "type": "google_project_service",
      "name": "service",
      "provider": "provider[\"registry.terraform.io/hashicorp/google\"]",
      "instances": [
        {
          "index_key": "compute.googleapis.com",
          "schema_version": 0,
          "attributes": {
            "disable_dependent_services": null,
            "disable_on_destroy": false,
            "id": "tf-sandbox-0c7b06c0/compute.googleapis.com",
            "project": "tf-sandbox-0c7b06c0",
            "service": "compute.googleapis.com",
            "timeouts": null
          },
          "sensitive_attributes": [],
          "private": "eyJlMmJmYjczMC1lY2FhLTExZTYtOGY4OC0zNDM2M2JjN2M0YzAiOnsiY3JlYXRlIjoxMjAwMDAwMDAwMDAwLCJkZWxldGUiOjEyMDAwMDAwMDAwMDAsInJlYWQiOjYwMDAwMDAwMDAwMCwidXBkYXRlIjoxMjAwMDAwMDAwMDAwfX0=",
          "dependencies": [
            "google_project.project",
            "random_id.id"
          ]
        }
      ]
    },
    {
      "mode": "managed",
      "type": "random_id",
      "name": "id",
      "provider": "provider[\"registry.terraform.io/hashicorp/random\"]",
      "instances": [
        {
          "schema_version": 0,
          "attributes": {
            "b64_std": "tf-sandbox-DHsGwA==",
            "b64_url": "tf-sandbox-DHsGwA",
            "byte_length": 4,
            "dec": "tf-sandbox-209389248",
            "hex": "tf-sandbox-0c7b06c0",
            "id": "DHsGwA",
            "keepers": null,
            "prefix": "tf-sandbox-"
          },
          "sensitive_attributes": [],
          "private": "bnVsbA=="
        }
      ]
    }
  ]
}
