{
  "version": 4,
  "terraform_version": "1.1.3",
  "serial": 213,
  "lineage": "f7265782-4c73-7d9b-3b1e-4764d36f1e05",
  "outputs": {},
  "resources": [
    {
      "mode": "managed",
      "type": "google_compute_firewall",
      "name": "allow_internal",
      "provider": "provider[\"registry.terraform.io/hashicorp/google\"]",
      "instances": [
        {
          "index_key": "tf-net-ext",
          "schema_version": 1,
          "attributes": {
            "allow": [
              {
                "ports": [],
                "protocol": "icmp"
              },
              {
                "ports": [],
                "protocol": "tcp"
              },
              {
                "ports": [],
                "protocol": "udp"
              }
            ],
            "creation_timestamp": "2022-01-17T00:16:45.570-08:00",
            "deny": [],
            "description": "",
            "destination_ranges": [],
            "direction": "INGRESS",
            "disabled": false,
            "enable_logging": null,
            "id": "projects/tf-net-prod-1-6bf14184/global/firewalls/tf-allow-internal-tf-net-ext",
            "log_config": [],
            "name": "tf-allow-internal-tf-net-ext",
            "network": "https://www.googleapis.com/compute/v1/projects/tf-net-prod-1-6bf14184/global/networks/tf-net-ext",
            "priority": 1000,
            "project": "tf-net-prod-1-6bf14184",
            "self_link": "https://www.googleapis.com/compute/v1/projects/tf-net-prod-1-6bf14184/global/firewalls/tf-allow-internal-tf-net-ext",
            "source_ranges": [
              "10.100.10.0/24",
              "10.100.11.0/24",
              "10.100.12.0/24"
            ],
            "source_service_accounts": [],
            "source_tags": [],
            "target_service_accounts": [],
            "target_tags": [],
            "timeouts": null
          },
          "sensitive_attributes": [],
          "private": "eyJlMmJmYjczMC1lY2FhLTExZTYtOGY4OC0zNDM2M2JjN2M0YzAiOnsiY3JlYXRlIjoyNDAwMDAwMDAwMDAsImRlbGV0ZSI6MjQwMDAwMDAwMDAwLCJ1cGRhdGUiOjI0MDAwMDAwMDAwMH0sInNjaGVtYV92ZXJzaW9uIjoiMSJ9",
          "dependencies": [
            "google_folder.folder",
            "google_project.projects",
            "random_id.projects"
          ]
        },
        {
          "index_key": "tf-net-int",
          "schema_version": 1,
          "attributes": {
            "allow": [
              {
                "ports": [],
                "protocol": "icmp"
              },
              {
                "ports": [],
                "protocol": "tcp"
              },
              {
                "ports": [],
                "protocol": "udp"
              }
            ],
            "creation_timestamp": "2022-01-17T00:16:56.963-08:00",
            "deny": [],
            "description": "",
            "destination_ranges": [],
            "direction": "INGRESS",
            "disabled": false,
            "enable_logging": null,
            "id": "projects/tf-net-prod-1-6bf14184/global/firewalls/tf-allow-internal-tf-net-int",
            "log_config": [],
            "name": "tf-allow-internal-tf-net-int",
            "network": "https://www.googleapis.com/compute/v1/projects/tf-net-prod-1-6bf14184/global/networks/tf-net-int",
            "priority": 1000,
            "project": "tf-net-prod-1-6bf14184",
            "self_link": "https://www.googleapis.com/compute/v1/projects/tf-net-prod-1-6bf14184/global/firewalls/tf-allow-internal-tf-net-int",
            "source_ranges": [
              "10.100.20.0/24",
              "10.100.21.0/24"
            ],
            "source_service_accounts": [],
            "source_tags": [],
            "target_service_accounts": [],
            "target_tags": [],
            "timeouts": null
          },
          "sensitive_attributes": [],
          "private": "eyJlMmJmYjczMC1lY2FhLTExZTYtOGY4OC0zNDM2M2JjN2M0YzAiOnsiY3JlYXRlIjoyNDAwMDAwMDAwMDAsImRlbGV0ZSI6MjQwMDAwMDAwMDAwLCJ1cGRhdGUiOjI0MDAwMDAwMDAwMH0sInNjaGVtYV92ZXJzaW9uIjoiMSJ9",
          "dependencies": [
            "google_folder.folder",
            "google_project.projects",
            "random_id.projects"
          ]
        }
      ]
    },
    {
      "mode": "managed",
      "type": "google_compute_firewall",
      "name": "allow_ssh",
      "provider": "provider[\"registry.terraform.io/hashicorp/google\"]",
      "instances": [
        {
          "index_key": "tf-net-ext",
          "schema_version": 1,
          "attributes": {
            "allow": [
              {
                "ports": [
                  "22"
                ],
                "protocol": "tcp"
              }
            ],
            "creation_timestamp": "2022-01-17T03:45:23.637-08:00",
            "deny": [],
            "description": "",
            "destination_ranges": [],
            "direction": "INGRESS",
            "disabled": false,
            "enable_logging": null,
            "id": "projects/tf-net-prod-1-6bf14184/global/firewalls/tf-allow-ssh-tf-net-ext",
            "log_config": [],
            "name": "tf-allow-ssh-tf-net-ext",
            "network": "https://www.googleapis.com/compute/v1/projects/tf-net-prod-1-6bf14184/global/networks/tf-net-ext",
            "priority": 1000,
            "project": "tf-net-prod-1-6bf14184",
            "self_link": "https://www.googleapis.com/compute/v1/projects/tf-net-prod-1-6bf14184/global/firewalls/tf-allow-ssh-tf-net-ext",
            "source_ranges": [
              "10.100.10.0/24",
              "10.100.11.0/24",
              "10.100.12.0/24"
            ],
            "source_service_accounts": null,
            "source_tags": null,
            "target_service_accounts": null,
            "target_tags": null,
            "timeouts": null
          },
          "sensitive_attributes": [],
          "private": "eyJlMmJmYjczMC1lY2FhLTExZTYtOGY4OC0zNDM2M2JjN2M0YzAiOnsiY3JlYXRlIjoyNDAwMDAwMDAwMDAsImRlbGV0ZSI6MjQwMDAwMDAwMDAwLCJ1cGRhdGUiOjI0MDAwMDAwMDAwMH0sInNjaGVtYV92ZXJzaW9uIjoiMSJ9",
          "dependencies": [
            "google_project.projects"
          ]
        },
        {
          "index_key": "tf-net-int",
          "schema_version": 1,
          "attributes": {
            "allow": [
              {
                "ports": [
                  "22"
                ],
                "protocol": "tcp"
              }
            ],
            "creation_timestamp": "2022-01-17T03:45:23.656-08:00",
            "deny": [],
            "description": "",
            "destination_ranges": [],
            "direction": "INGRESS",
            "disabled": false,
            "enable_logging": null,
            "id": "projects/tf-net-prod-1-6bf14184/global/firewalls/tf-allow-ssh-tf-net-int",
            "log_config": [],
            "name": "tf-allow-ssh-tf-net-int",
            "network": "https://www.googleapis.com/compute/v1/projects/tf-net-prod-1-6bf14184/global/networks/tf-net-int",
            "priority": 1000,
            "project": "tf-net-prod-1-6bf14184",
            "self_link": "https://www.googleapis.com/compute/v1/projects/tf-net-prod-1-6bf14184/global/firewalls/tf-allow-ssh-tf-net-int",
            "source_ranges": [
              "10.100.20.0/24",
              "10.100.21.0/24"
            ],
            "source_service_accounts": null,
            "source_tags": null,
            "target_service_accounts": null,
            "target_tags": null,
            "timeouts": null
          },
          "sensitive_attributes": [],
          "private": "eyJlMmJmYjczMC1lY2FhLTExZTYtOGY4OC0zNDM2M2JjN2M0YzAiOnsiY3JlYXRlIjoyNDAwMDAwMDAwMDAsImRlbGV0ZSI6MjQwMDAwMDAwMDAwLCJ1cGRhdGUiOjI0MDAwMDAwMDAwMH0sInNjaGVtYV92ZXJzaW9uIjoiMSJ9",
          "dependencies": [
            "google_project.projects"
          ]
        }
      ]
    },
    {
      "mode": "managed",
      "type": "google_compute_network",
      "name": "networks",
      "provider": "provider[\"registry.terraform.io/hashicorp/google\"]",
      "instances": [
        {
          "index_key": "tf-net-ext",
          "schema_version": 0,
          "attributes": {
            "auto_create_subnetworks": false,
            "delete_default_routes_on_create": false,
            "description": "",
            "gateway_ipv4": "",
            "id": "projects/tf-net-prod-1-6bf14184/global/networks/tf-net-ext",
            "mtu": 1460,
            "name": "tf-net-ext",
            "project": "tf-net-prod-1-6bf14184",
            "routing_mode": "REGIONAL",
            "self_link": "https://www.googleapis.com/compute/v1/projects/tf-net-prod-1-6bf14184/global/networks/tf-net-ext",
            "timeouts": null
          },
          "sensitive_attributes": [],
          "private": "eyJlMmJmYjczMC1lY2FhLTExZTYtOGY4OC0zNDM2M2JjN2M0YzAiOnsiY3JlYXRlIjoyNDAwMDAwMDAwMDAsImRlbGV0ZSI6MjQwMDAwMDAwMDAwLCJ1cGRhdGUiOjI0MDAwMDAwMDAwMH19",
          "dependencies": [
            "google_folder.folder",
            "google_project.projects",
            "random_id.projects"
          ]
        },
        {
          "index_key": "tf-net-int",
          "schema_version": 0,
          "attributes": {
            "auto_create_subnetworks": false,
            "delete_default_routes_on_create": false,
            "description": "",
            "gateway_ipv4": "",
            "id": "projects/tf-net-prod-1-6bf14184/global/networks/tf-net-int",
            "mtu": 1460,
            "name": "tf-net-int",
            "project": "tf-net-prod-1-6bf14184",
            "routing_mode": "REGIONAL",
            "self_link": "https://www.googleapis.com/compute/v1/projects/tf-net-prod-1-6bf14184/global/networks/tf-net-int",
            "timeouts": null
          },
          "sensitive_attributes": [],
          "private": "eyJlMmJmYjczMC1lY2FhLTExZTYtOGY4OC0zNDM2M2JjN2M0YzAiOnsiY3JlYXRlIjoyNDAwMDAwMDAwMDAsImRlbGV0ZSI6MjQwMDAwMDAwMDAwLCJ1cGRhdGUiOjI0MDAwMDAwMDAwMH19",
          "dependencies": [
            "google_project.projects",
            "random_id.projects",
            "google_folder.folder"
          ]
        }
      ]
    },
    {
      "mode": "managed",
      "type": "google_compute_subnetwork",
      "name": "subnets",
      "provider": "provider[\"registry.terraform.io/hashicorp/google\"]",
      "instances": [
        {
          "index_key": "tf-net-ext-sb1",
          "schema_version": 0,
          "attributes": {
            "creation_timestamp": "2022-01-15T04:20:04.060-08:00",
            "description": "",
            "external_ipv6_prefix": "",
            "fingerprint": null,
            "gateway_address": "10.100.10.1",
            "id": "projects/tf-net-prod-1-6bf14184/regions/europe-central2/subnetworks/tf-net-ext-sb1",
            "ip_cidr_range": "10.100.10.0/24",
            "ipv6_access_type": "",
            "ipv6_cidr_range": "",
            "log_config": [],
            "name": "tf-net-ext-sb1",
            "network": "https://www.googleapis.com/compute/v1/projects/tf-net-prod-1-6bf14184/global/networks/tf-net-ext",
            "private_ip_google_access": false,
            "private_ipv6_google_access": "DISABLE_GOOGLE_ACCESS",
            "project": "tf-net-prod-1-6bf14184",
            "purpose": "PRIVATE",
            "region": "europe-central2",
            "role": "",
            "secondary_ip_range": [],
            "self_link": "https://www.googleapis.com/compute/v1/projects/tf-net-prod-1-6bf14184/regions/europe-central2/subnetworks/tf-net-ext-sb1",
            "stack_type": "IPV4_ONLY",
            "timeouts": null
          },
          "sensitive_attributes": [],
          "private": "eyJlMmJmYjczMC1lY2FhLTExZTYtOGY4OC0zNDM2M2JjN2M0YzAiOnsiY3JlYXRlIjozNjAwMDAwMDAwMDAsImRlbGV0ZSI6MzYwMDAwMDAwMDAwLCJ1cGRhdGUiOjM2MDAwMDAwMDAwMH19",
          "dependencies": [
            "google_compute_network.networks",
            "google_folder.folder",
            "google_project.projects",
            "random_id.projects"
          ]
        },
        {
          "index_key": "tf-net-ext-sb2",
          "schema_version": 0,
          "attributes": {
            "creation_timestamp": "2022-01-15T04:20:04.432-08:00",
            "description": "",
            "external_ipv6_prefix": "",
            "fingerprint": null,
            "gateway_address": "10.100.11.1",
            "id": "projects/tf-net-prod-1-6bf14184/regions/europe-central2/subnetworks/tf-net-ext-sb2",
            "ip_cidr_range": "10.100.11.0/24",
            "ipv6_access_type": "",
            "ipv6_cidr_range": "",
            "log_config": [],
            "name": "tf-net-ext-sb2",
            "network": "https://www.googleapis.com/compute/v1/projects/tf-net-prod-1-6bf14184/global/networks/tf-net-ext",
            "private_ip_google_access": false,
            "private_ipv6_google_access": "DISABLE_GOOGLE_ACCESS",
            "project": "tf-net-prod-1-6bf14184",
            "purpose": "PRIVATE",
            "region": "europe-central2",
            "role": "",
            "secondary_ip_range": [],
            "self_link": "https://www.googleapis.com/compute/v1/projects/tf-net-prod-1-6bf14184/regions/europe-central2/subnetworks/tf-net-ext-sb2",
            "stack_type": "IPV4_ONLY",
            "timeouts": null
          },
          "sensitive_attributes": [],
          "private": "eyJlMmJmYjczMC1lY2FhLTExZTYtOGY4OC0zNDM2M2JjN2M0YzAiOnsiY3JlYXRlIjozNjAwMDAwMDAwMDAsImRlbGV0ZSI6MzYwMDAwMDAwMDAwLCJ1cGRhdGUiOjM2MDAwMDAwMDAwMH19",
          "dependencies": [
            "google_compute_network.networks",
            "google_folder.folder",
            "google_project.projects",
            "random_id.projects"
          ]
        },
        {
          "index_key": "tf-net-ext-sb3",
          "schema_version": 0,
          "attributes": {
            "creation_timestamp": "2022-01-17T00:20:25.088-08:00",
            "description": "",
            "external_ipv6_prefix": "",
            "fingerprint": null,
            "gateway_address": "10.100.12.1",
            "id": "projects/tf-net-prod-1-6bf14184/regions/europe-west2/subnetworks/tf-net-ext-sb3",
            "ip_cidr_range": "10.100.12.0/24",
            "ipv6_access_type": "",
            "ipv6_cidr_range": "",
            "log_config": [],
            "name": "tf-net-ext-sb3",
            "network": "https://www.googleapis.com/compute/v1/projects/tf-net-prod-1-6bf14184/global/networks/tf-net-ext",
            "private_ip_google_access": false,
            "private_ipv6_google_access": "DISABLE_GOOGLE_ACCESS",
            "project": "tf-net-prod-1-6bf14184",
            "purpose": "PRIVATE",
            "region": "europe-west2",
            "role": "",
            "secondary_ip_range": [],
            "self_link": "https://www.googleapis.com/compute/v1/projects/tf-net-prod-1-6bf14184/regions/europe-west2/subnetworks/tf-net-ext-sb3",
            "stack_type": "IPV4_ONLY",
            "timeouts": null
          },
          "sensitive_attributes": [],
          "private": "eyJlMmJmYjczMC1lY2FhLTExZTYtOGY4OC0zNDM2M2JjN2M0YzAiOnsiY3JlYXRlIjozNjAwMDAwMDAwMDAsImRlbGV0ZSI6MzYwMDAwMDAwMDAwLCJ1cGRhdGUiOjM2MDAwMDAwMDAwMH19",
          "dependencies": [
            "google_compute_network.networks",
            "google_folder.folder",
            "google_project.projects",
            "random_id.projects"
          ]
        },
        {
          "index_key": "tf-net-int-sb1",
          "schema_version": 0,
          "attributes": {
            "creation_timestamp": "2022-01-15T04:20:03.146-08:00",
            "description": "",
            "external_ipv6_prefix": "",
            "fingerprint": null,
            "gateway_address": "10.100.20.1",
            "id": "projects/tf-net-prod-1-6bf14184/regions/europe-central2/subnetworks/tf-net-int-sb1",
            "ip_cidr_range": "10.100.20.0/24",
            "ipv6_access_type": "",
            "ipv6_cidr_range": "",
            "log_config": [],
            "name": "tf-net-int-sb1",
            "network": "https://www.googleapis.com/compute/v1/projects/tf-net-prod-1-6bf14184/global/networks/tf-net-int",
            "private_ip_google_access": false,
            "private_ipv6_google_access": "DISABLE_GOOGLE_ACCESS",
            "project": "tf-net-prod-1-6bf14184",
            "purpose": "PRIVATE",
            "region": "europe-central2",
            "role": "",
            "secondary_ip_range": [],
            "self_link": "https://www.googleapis.com/compute/v1/projects/tf-net-prod-1-6bf14184/regions/europe-central2/subnetworks/tf-net-int-sb1",
            "stack_type": "IPV4_ONLY",
            "timeouts": null
          },
          "sensitive_attributes": [],
          "private": "eyJlMmJmYjczMC1lY2FhLTExZTYtOGY4OC0zNDM2M2JjN2M0YzAiOnsiY3JlYXRlIjozNjAwMDAwMDAwMDAsImRlbGV0ZSI6MzYwMDAwMDAwMDAwLCJ1cGRhdGUiOjM2MDAwMDAwMDAwMH19",
          "dependencies": [
            "google_project.projects",
            "random_id.projects",
            "google_compute_network.networks",
            "google_folder.folder"
          ]
        },
        {
          "index_key": "tf-net-int-sb2",
          "schema_version": 0,
          "attributes": {
            "creation_timestamp": "2022-01-15T04:20:03.362-08:00",
            "description": "",
            "external_ipv6_prefix": "",
            "fingerprint": null,
            "gateway_address": "10.100.21.1",
            "id": "projects/tf-net-prod-1-6bf14184/regions/europe-west1/subnetworks/tf-net-int-sb2",
            "ip_cidr_range": "10.100.21.0/24",
            "ipv6_access_type": "",
            "ipv6_cidr_range": "",
            "log_config": [],
            "name": "tf-net-int-sb2",
            "network": "https://www.googleapis.com/compute/v1/projects/tf-net-prod-1-6bf14184/global/networks/tf-net-int",
            "private_ip_google_access": false,
            "private_ipv6_google_access": "DISABLE_GOOGLE_ACCESS",
            "project": "tf-net-prod-1-6bf14184",
            "purpose": "PRIVATE",
            "region": "europe-west1",
            "role": "",
            "secondary_ip_range": [],
            "self_link": "https://www.googleapis.com/compute/v1/projects/tf-net-prod-1-6bf14184/regions/europe-west1/subnetworks/tf-net-int-sb2",
            "stack_type": "IPV4_ONLY",
            "timeouts": null
          },
          "sensitive_attributes": [],
          "private": "eyJlMmJmYjczMC1lY2FhLTExZTYtOGY4OC0zNDM2M2JjN2M0YzAiOnsiY3JlYXRlIjozNjAwMDAwMDAwMDAsImRlbGV0ZSI6MzYwMDAwMDAwMDAwLCJ1cGRhdGUiOjM2MDAwMDAwMDAwMH19",
          "dependencies": [
            "google_project.projects",
            "random_id.projects",
            "google_compute_network.networks",
            "google_folder.folder"
          ]
        }
      ]
    },
    {
      "mode": "managed",
      "type": "google_folder",
      "name": "folder",
      "provider": "provider[\"registry.terraform.io/hashicorp/google\"]",
      "instances": [
        {
          "index_key": "tf-networking",
          "schema_version": 0,
          "attributes": {
            "create_time": "2022-01-15T12:18:34.849Z",
            "display_name": "tf-networking",
            "folder_id": "376750004069",
            "id": "folders/376750004069",
            "lifecycle_state": "ACTIVE",
            "name": "folders/376750004069",
            "parent": "organizations/1098571864372",
            "timeouts": null
          },
          "sensitive_attributes": [],
          "private": "eyJlMmJmYjczMC1lY2FhLTExZTYtOGY4OC0zNDM2M2JjN2M0YzAiOnsiY3JlYXRlIjoyNDAwMDAwMDAwMDAsImRlbGV0ZSI6MjQwMDAwMDAwMDAwLCJyZWFkIjoyNDAwMDAwMDAwMDAsInVwZGF0ZSI6MjQwMDAwMDAwMDAwfX0="
        }
      ]
    },
    {
      "mode": "managed",
      "type": "google_project",
      "name": "projects",
      "provider": "provider[\"registry.terraform.io/hashicorp/google\"]",
      "instances": [
        {
          "index_key": "network_dev",
          "schema_version": 1,
          "attributes": {
            "auto_create_network": false,
            "billing_account": "01CF89-BC7A7D-004102",
            "folder_id": "376750004069",
            "id": "projects/tf-net-dev-1-6bf14184",
            "labels": {},
            "name": "tf-net-dev-1",
            "number": "86786803773",
            "org_id": "",
            "project_id": "tf-net-dev-1-6bf14184",
            "skip_delete": null,
            "timeouts": null
          },
          "sensitive_attributes": [],
          "private": "eyJlMmJmYjczMC1lY2FhLTExZTYtOGY4OC0zNDM2M2JjN2M0YzAiOnsiY3JlYXRlIjo2MDAwMDAwMDAwMDAsImRlbGV0ZSI6NjAwMDAwMDAwMDAwLCJyZWFkIjo2MDAwMDAwMDAwMDAsInVwZGF0ZSI6NjAwMDAwMDAwMDAwfSwic2NoZW1hX3ZlcnNpb24iOiIxIn0=",
          "dependencies": [
            "google_folder.folder",
            "random_id.projects"
          ]
        },
        {
          "index_key": "network_prod",
          "schema_version": 1,
          "attributes": {
            "auto_create_network": false,
            "billing_account": "01CF89-BC7A7D-004102",
            "folder_id": "376750004069",
            "id": "projects/tf-net-prod-1-6bf14184",
            "labels": {},
            "name": "tf-net-prod-1",
            "number": "214019009905",
            "org_id": "",
            "project_id": "tf-net-prod-1-6bf14184",
            "skip_delete": null,
            "timeouts": null
          },
          "sensitive_attributes": [],
          "private": "eyJlMmJmYjczMC1lY2FhLTExZTYtOGY4OC0zNDM2M2JjN2M0YzAiOnsiY3JlYXRlIjo2MDAwMDAwMDAwMDAsImRlbGV0ZSI6NjAwMDAwMDAwMDAwLCJyZWFkIjo2MDAwMDAwMDAwMDAsInVwZGF0ZSI6NjAwMDAwMDAwMDAwfSwic2NoZW1hX3ZlcnNpb24iOiIxIn0=",
          "dependencies": [
            "google_folder.folder",
            "random_id.projects"
          ]
        }
      ]
    },
    {
      "mode": "managed",
      "type": "google_project_service",
      "name": "project_services",
      "provider": "provider[\"registry.terraform.io/hashicorp/google\"]",
      "instances": [
        {
          "index_key": "network_dev",
          "schema_version": 0,
          "attributes": {
            "disable_dependent_services": null,
            "disable_on_destroy": false,
            "id": "tf-net-dev-1-6bf14184/compute.googleapis.com",
            "project": "tf-net-dev-1-6bf14184",
            "service": "compute.googleapis.com",
            "timeouts": null
          },
          "sensitive_attributes": [],
          "private": "eyJlMmJmYjczMC1lY2FhLTExZTYtOGY4OC0zNDM2M2JjN2M0YzAiOnsiY3JlYXRlIjoxMjAwMDAwMDAwMDAwLCJkZWxldGUiOjEyMDAwMDAwMDAwMDAsInJlYWQiOjYwMDAwMDAwMDAwMCwidXBkYXRlIjoxMjAwMDAwMDAwMDAwfX0=",
          "dependencies": [
            "google_project.projects",
            "random_id.projects",
            "google_folder.folder"
          ]
        },
        {
          "index_key": "network_prod",
          "schema_version": 0,
          "attributes": {
            "disable_dependent_services": null,
            "disable_on_destroy": false,
            "id": "tf-net-prod-1-6bf14184/compute.googleapis.com",
            "project": "tf-net-prod-1-6bf14184",
            "service": "compute.googleapis.com",
            "timeouts": null
          },
          "sensitive_attributes": [],
          "private": "eyJlMmJmYjczMC1lY2FhLTExZTYtOGY4OC0zNDM2M2JjN2M0YzAiOnsiY3JlYXRlIjoxMjAwMDAwMDAwMDAwLCJkZWxldGUiOjEyMDAwMDAwMDAwMDAsInJlYWQiOjYwMDAwMDAwMDAwMCwidXBkYXRlIjoxMjAwMDAwMDAwMDAwfX0=",
          "dependencies": [
            "google_folder.folder",
            "google_project.projects",
            "random_id.projects"
          ]
        }
      ]
    },
    {
      "mode": "managed",
      "type": "random_id",
      "name": "projects",
      "provider": "provider[\"registry.terraform.io/hashicorp/random\"]",
      "instances": [
        {
          "schema_version": 0,
          "attributes": {
            "b64_std": "a/FBhA==",
            "b64_url": "a_FBhA",
            "byte_length": 4,
            "dec": "1810973060",
            "hex": "6bf14184",
            "id": "a_FBhA",
            "keepers": null,
            "prefix": null
          },
          "sensitive_attributes": [],
          "private": "bnVsbA=="
        }
      ]
    }
  ]
}
