{
  "version": 4,
  "terraform_version": "1.1.2",
  "serial": 469,
  "lineage": "215a8741-3249-a476-f50c-1f4165b1c7dc",
  "outputs": {
    "service_account": {
      "value": "sg-tf-sa@sg-seed-fcb9f6c2.iam.gserviceaccount.com",
      "type": "string"
    }
  },
  "resources": [
    {
      "mode": "managed",
      "type": "google_billing_account_iam_member",
      "name": "ba-viewer",
      "provider": "provider[\"registry.terraform.io/hashicorp/google\"]",
      "instances": [
        {
          "schema_version": 0,
          "attributes": {
            "billing_account_id": "01CF89-BC7A7D-004102",
            "condition": [],
            "etag": "BwXVPDtF/+4=",
            "id": "01CF89-BC7A7D-004102/roles/billing.user/serviceAccount:sg-tf-sa@sg-seed-fcb9f6c2.iam.gserviceaccount.com",
            "member": "serviceAccount:sg-tf-sa@sg-seed-fcb9f6c2.iam.gserviceaccount.com",
            "role": "roles/billing.user"
          },
          "sensitive_attributes": [],
          "private": "bnVsbA==",
          "dependencies": [
            "google_project.project",
            "google_service_account.tf_service_account",
            "random_id.id"
          ]
        }
      ]
    },
    {
      "mode": "managed",
      "type": "google_organization_iam_member",
      "name": "org_admin",
      "provider": "provider[\"registry.terraform.io/hashicorp/google\"]",
      "instances": [
        {
          "index_key": "roles/orgpolicy.policyAdmin",
          "schema_version": 0,
          "attributes": {
            "condition": [],
            "etag": "BwXVPDve064=",
            "id": "1098571864372/roles/orgpolicy.policyAdmin/serviceAccount:sg-tf-sa@sg-seed-fcb9f6c2.iam.gserviceaccount.com",
            "member": "serviceAccount:sg-tf-sa@sg-seed-fcb9f6c2.iam.gserviceaccount.com",
            "org_id": "1098571864372",
            "role": "roles/orgpolicy.policyAdmin"
          },
          "sensitive_attributes": [],
          "private": "bnVsbA==",
          "dependencies": [
            "google_project.project",
            "google_service_account.tf_service_account",
            "random_id.id"
          ]
        },
        {
          "index_key": "roles/resourcemanager.folderCreator",
          "schema_version": 0,
          "attributes": {
            "condition": [],
            "etag": "BwXVPDw5Edo=",
            "id": "1098571864372/roles/resourcemanager.folderCreator/serviceAccount:sg-tf-sa@sg-seed-fcb9f6c2.iam.gserviceaccount.com",
            "member": "serviceAccount:sg-tf-sa@sg-seed-fcb9f6c2.iam.gserviceaccount.com",
            "org_id": "1098571864372",
            "role": "roles/resourcemanager.folderCreator"
          },
          "sensitive_attributes": [],
          "private": "bnVsbA==",
          "dependencies": [
            "google_project.project",
            "google_service_account.tf_service_account",
            "random_id.id"
          ]
        },
        {
          "index_key": "roles/resourcemanager.organizationAdmin",
          "schema_version": 0,
          "attributes": {
            "condition": [],
            "etag": "BwXVPDw5Edo=",
            "id": "1098571864372/roles/resourcemanager.organizationAdmin/serviceAccount:sg-tf-sa@sg-seed-fcb9f6c2.iam.gserviceaccount.com",
            "member": "serviceAccount:sg-tf-sa@sg-seed-fcb9f6c2.iam.gserviceaccount.com",
            "org_id": "1098571864372",
            "role": "roles/resourcemanager.organizationAdmin"
          },
          "sensitive_attributes": [],
          "private": "bnVsbA==",
          "dependencies": [
            "google_project.project",
            "google_service_account.tf_service_account",
            "random_id.id"
          ]
        },
        {
          "index_key": "roles/resourcemanager.projectCreator",
          "schema_version": 0,
          "attributes": {
            "condition": [],
            "etag": "BwXVPDve064=",
            "id": "1098571864372/roles/resourcemanager.projectCreator/serviceAccount:sg-tf-sa@sg-seed-fcb9f6c2.iam.gserviceaccount.com",
            "member": "serviceAccount:sg-tf-sa@sg-seed-fcb9f6c2.iam.gserviceaccount.com",
            "org_id": "1098571864372",
            "role": "roles/resourcemanager.projectCreator"
          },
          "sensitive_attributes": [],
          "private": "bnVsbA==",
          "dependencies": [
            "google_project.project",
            "google_service_account.tf_service_account",
            "random_id.id"
          ]
        }
      ]
    },
    {
      "mode": "managed",
      "type": "google_project",
      "name": "project",
      "provider": "provider[\"registry.terraform.io/hashicorp/google\"]",
      "instances": [
        {
          "schema_version": 1,
          "attributes": {
            "auto_create_network": false,
            "billing_account": "01CF89-BC7A7D-004102",
            "folder_id": "",
            "id": "projects/sg-seed-fcb9f6c2",
            "labels": null,
            "name": "sg-seed",
            "number": "880591540399",
            "org_id": "1098571864372",
            "project_id": "sg-seed-fcb9f6c2",
            "skip_delete": null,
            "timeouts": null
          },
          "sensitive_attributes": [],
          "private": "eyJlMmJmYjczMC1lY2FhLTExZTYtOGY4OC0zNDM2M2JjN2M0YzAiOnsiY3JlYXRlIjo2MDAwMDAwMDAwMDAsImRlbGV0ZSI6NjAwMDAwMDAwMDAwLCJyZWFkIjo2MDAwMDAwMDAwMDAsInVwZGF0ZSI6NjAwMDAwMDAwMDAwfSwic2NoZW1hX3ZlcnNpb24iOiIxIn0=",
          "dependencies": [
            "random_id.id"
          ]
        }
      ]
    },
    {
      "mode": "managed",
      "type": "google_project_default_service_accounts",
      "name": "default_sa",
      "provider": "provider[\"registry.terraform.io/hashicorp/google\"]",
      "instances": [
        {
          "schema_version": 0,
          "attributes": {
            "action": "DELETE",
            "id": "projects/sg-seed-fcb9f6c2",
            "project": "sg-seed-fcb9f6c2",
            "restore_policy": "REVERT",
            "service_accounts": {
              "114240590207132754650": "880591540399-compute@developer.gserviceaccount.com"
            },
            "timeouts": null
          },
          "sensitive_attributes": [],
          "private": "eyJlMmJmYjczMC1lY2FhLTExZTYtOGY4OC0zNDM2M2JjN2M0YzAiOnsiY3JlYXRlIjo2MDAwMDAwMDAwMDAsImRlbGV0ZSI6NjAwMDAwMDAwMDAwLCJyZWFkIjo2MDAwMDAwMDAwMDB9fQ==",
          "dependencies": [
            "google_project.project",
            "random_id.id"
          ]
        }
      ]
    },
    {
      "mode": "managed",
      "type": "google_project_service",
      "name": "service",
      "provider": "provider[\"registry.terraform.io/hashicorp/google\"]",
      "instances": [
        {
          "index_key": "cloudbilling.googleapis.com",
          "schema_version": 0,
          "attributes": {
            "disable_dependent_services": null,
            "disable_on_destroy": false,
            "id": "sg-seed-fcb9f6c2/cloudbilling.googleapis.com",
            "project": "sg-seed-fcb9f6c2",
            "service": "cloudbilling.googleapis.com",
            "timeouts": null
          },
          "sensitive_attributes": [],
          "private": "eyJlMmJmYjczMC1lY2FhLTExZTYtOGY4OC0zNDM2M2JjN2M0YzAiOnsiY3JlYXRlIjoxMjAwMDAwMDAwMDAwLCJkZWxldGUiOjEyMDAwMDAwMDAwMDAsInJlYWQiOjYwMDAwMDAwMDAwMCwidXBkYXRlIjoxMjAwMDAwMDAwMDAwfX0=",
          "dependencies": [
            "google_project.project",
            "random_id.id"
          ]
        },
        {
          "index_key": "cloudresourcemanager.googleapis.com",
          "schema_version": 0,
          "attributes": {
            "disable_dependent_services": null,
            "disable_on_destroy": false,
            "id": "sg-seed-fcb9f6c2/cloudresourcemanager.googleapis.com",
            "project": "sg-seed-fcb9f6c2",
            "service": "cloudresourcemanager.googleapis.com",
            "timeouts": null
          },
          "sensitive_attributes": [],
          "private": "eyJlMmJmYjczMC1lY2FhLTExZTYtOGY4OC0zNDM2M2JjN2M0YzAiOnsiY3JlYXRlIjoxMjAwMDAwMDAwMDAwLCJkZWxldGUiOjEyMDAwMDAwMDAwMDAsInJlYWQiOjYwMDAwMDAwMDAwMCwidXBkYXRlIjoxMjAwMDAwMDAwMDAwfX0=",
          "dependencies": [
            "google_project.project",
            "random_id.id"
          ]
        },
        {
          "index_key": "orgpolicy.googleapis.com",
          "schema_version": 0,
          "attributes": {
            "disable_dependent_services": null,
            "disable_on_destroy": false,
            "id": "sg-seed-fcb9f6c2/orgpolicy.googleapis.com",
            "project": "sg-seed-fcb9f6c2",
            "service": "orgpolicy.googleapis.com",
            "timeouts": null
          },
          "sensitive_attributes": [],
          "private": "eyJlMmJmYjczMC1lY2FhLTExZTYtOGY4OC0zNDM2M2JjN2M0YzAiOnsiY3JlYXRlIjoxMjAwMDAwMDAwMDAwLCJkZWxldGUiOjEyMDAwMDAwMDAwMDAsInJlYWQiOjYwMDAwMDAwMDAwMCwidXBkYXRlIjoxMjAwMDAwMDAwMDAwfX0=",
          "dependencies": [
            "google_project.project",
            "random_id.id"
          ]
        },
        {
          "index_key": "serviceusage.googleapis.com",
          "schema_version": 0,
          "attributes": {
            "disable_dependent_services": null,
            "disable_on_destroy": false,
            "id": "sg-seed-fcb9f6c2/serviceusage.googleapis.com",
            "project": "sg-seed-fcb9f6c2",
            "service": "serviceusage.googleapis.com",
            "timeouts": null
          },
          "sensitive_attributes": [],
          "private": "eyJlMmJmYjczMC1lY2FhLTExZTYtOGY4OC0zNDM2M2JjN2M0YzAiOnsiY3JlYXRlIjoxMjAwMDAwMDAwMDAwLCJkZWxldGUiOjEyMDAwMDAwMDAwMDAsInJlYWQiOjYwMDAwMDAwMDAwMCwidXBkYXRlIjoxMjAwMDAwMDAwMDAwfX0=",
          "dependencies": [
            "google_project.project",
            "random_id.id"
          ]
        }
      ]
    },
    {
      "mode": "managed",
      "type": "google_service_account",
      "name": "tf_service_account",
      "provider": "provider[\"registry.terraform.io/hashicorp/google\"]",
      "instances": [
        {
          "schema_version": 0,
          "attributes": {
            "account_id": "sg-tf-sa",
            "description": "",
            "disabled": false,
            "display_name": "SG Service Account for Terraform",
            "email": "sg-tf-sa@sg-seed-fcb9f6c2.iam.gserviceaccount.com",
            "id": "projects/sg-seed-fcb9f6c2/serviceAccounts/sg-tf-sa@sg-seed-fcb9f6c2.iam.gserviceaccount.com",
            "name": "projects/sg-seed-fcb9f6c2/serviceAccounts/sg-tf-sa@sg-seed-fcb9f6c2.iam.gserviceaccount.com",
            "project": "sg-seed-fcb9f6c2",
            "timeouts": null,
            "unique_id": "116612193950567560349"
          },
          "sensitive_attributes": [],
          "private": "eyJlMmJmYjczMC1lY2FhLTExZTYtOGY4OC0zNDM2M2JjN2M0YzAiOnsiY3JlYXRlIjozMDAwMDAwMDAwMDB9fQ==",
          "dependencies": [
            "google_project.project",
            "random_id.id"
          ]
        }
      ]
    },
    {
      "mode": "managed",
      "type": "google_service_account_iam_member",
      "name": "sa_iam",
      "provider": "provider[\"registry.terraform.io/hashicorp/google\"]",
      "instances": [
        {
          "index_key": "roles/iam.serviceAccountTokenCreator",
          "schema_version": 0,
          "attributes": {
            "condition": [],
            "etag": "BwXVPDuG+/U=",
            "id": "projects/sg-seed-fcb9f6c2/serviceAccounts/sg-tf-sa@sg-seed-fcb9f6c2.iam.gserviceaccount.com/roles/iam.serviceAccountTokenCreator/user:me@sebastiang.eu",
            "member": "user:me@sebastiang.eu",
            "role": "roles/iam.serviceAccountTokenCreator",
            "service_account_id": "projects/sg-seed-fcb9f6c2/serviceAccounts/sg-tf-sa@sg-seed-fcb9f6c2.iam.gserviceaccount.com"
          },
          "sensitive_attributes": [],
          "private": "bnVsbA==",
          "dependencies": [
            "google_project.project",
            "google_service_account.tf_service_account",
            "random_id.id"
          ]
        },
        {
          "index_key": "roles/iam.serviceAccountUser",
          "schema_version": 0,
          "attributes": {
            "condition": [],
            "etag": "BwXVPDuG+/U=",
            "id": "projects/sg-seed-fcb9f6c2/serviceAccounts/sg-tf-sa@sg-seed-fcb9f6c2.iam.gserviceaccount.com/roles/iam.serviceAccountUser/user:me@sebastiang.eu",
            "member": "user:me@sebastiang.eu",
            "role": "roles/iam.serviceAccountUser",
            "service_account_id": "projects/sg-seed-fcb9f6c2/serviceAccounts/sg-tf-sa@sg-seed-fcb9f6c2.iam.gserviceaccount.com"
          },
          "sensitive_attributes": [],
          "private": "bnVsbA==",
          "dependencies": [
            "google_project.project",
            "google_service_account.tf_service_account",
            "random_id.id"
          ]
        }
      ]
    },
    {
      "mode": "managed",
      "type": "random_id",
      "name": "id",
      "provider": "provider[\"registry.terraform.io/hashicorp/random\"]",
      "instances": [
        {
          "schema_version": 0,
          "attributes": {
            "b64_std": "sg-seed-/Ln2wg==",
            "b64_url": "sg-seed-_Ln2wg",
            "byte_length": 4,
            "dec": "sg-seed-4240045762",
            "hex": "sg-seed-fcb9f6c2",
            "id": "_Ln2wg",
            "keepers": null,
            "prefix": "sg-seed-"
          },
          "sensitive_attributes": [],
          "private": "bnVsbA=="
        }
      ]
    }
  ]
}
