{
  "version": 4,
  "terraform_version": "1.1.2",
  "serial": 501,
  "lineage": "215a8741-3249-a476-f50c-1f4165b1c7dc",
  "outputs": {
    "service_account": {
      "value": "sg-tf-sa@tf-bootstrap-f7359af0.iam.gserviceaccount.com",
      "type": "string"
    }
  },
  "resources": [
    {
      "mode": "managed",
      "type": "google_billing_account_iam_member",
      "name": "sa-ba-viewer",
      "provider": "provider[\"registry.terraform.io/hashicorp/google\"]",
      "instances": [
        {
          "schema_version": 0,
          "attributes": {
            "billing_account_id": "01CF89-BC7A7D-004102",
            "condition": [],
            "etag": "BwXVSigKzZI=",
            "id": "01CF89-BC7A7D-004102/roles/billing.user/serviceAccount:sg-tf-sa@tf-bootstrap-f7359af0.iam.gserviceaccount.com",
            "member": "serviceAccount:sg-tf-sa@tf-bootstrap-f7359af0.iam.gserviceaccount.com",
            "role": "roles/billing.user"
          },
          "sensitive_attributes": [],
          "private": "bnVsbA==",
          "dependencies": [
            "google_project.bootstrap_project",
            "google_service_account.tf_service_account",
            "random_id.id"
          ]
        }
      ]
    },
    {
      "mode": "managed",
      "type": "google_organization_iam_member",
      "name": "org_admin",
      "provider": "provider[\"registry.terraform.io/hashicorp/google\"]",
      "instances": [
        {
          "index_key": "roles/orgpolicy.policyAdmin",
          "schema_version": 0,
          "attributes": {
            "condition": [],
            "etag": "BwXVSij9UIo=",
            "id": "1098571864372/roles/orgpolicy.policyAdmin/serviceAccount:sg-tf-sa@tf-bootstrap-f7359af0.iam.gserviceaccount.com",
            "member": "serviceAccount:sg-tf-sa@tf-bootstrap-f7359af0.iam.gserviceaccount.com",
            "org_id": "1098571864372",
            "role": "roles/orgpolicy.policyAdmin"
          },
          "sensitive_attributes": [],
          "private": "bnVsbA==",
          "dependencies": [
            "google_project.bootstrap_project",
            "google_service_account.tf_service_account",
            "random_id.id"
          ]
        },
        {
          "index_key": "roles/resourcemanager.folderCreator",
          "schema_version": 0,
          "attributes": {
            "condition": [],
            "etag": "BwXVSij9UIo=",
            "id": "1098571864372/roles/resourcemanager.folderCreator/serviceAccount:sg-tf-sa@tf-bootstrap-f7359af0.iam.gserviceaccount.com",
            "member": "serviceAccount:sg-tf-sa@tf-bootstrap-f7359af0.iam.gserviceaccount.com",
            "org_id": "1098571864372",
            "role": "roles/resourcemanager.folderCreator"
          },
          "sensitive_attributes": [],
          "private": "bnVsbA==",
          "dependencies": [
            "google_project.bootstrap_project",
            "google_service_account.tf_service_account",
            "random_id.id"
          ]
        },
        {
          "index_key": "roles/resourcemanager.organizationAdmin",
          "schema_version": 0,
          "attributes": {
            "condition": [],
            "etag": "BwXVSij9UIo=",
            "id": "1098571864372/roles/resourcemanager.organizationAdmin/serviceAccount:sg-tf-sa@tf-bootstrap-f7359af0.iam.gserviceaccount.com",
            "member": "serviceAccount:sg-tf-sa@tf-bootstrap-f7359af0.iam.gserviceaccount.com",
            "org_id": "1098571864372",
            "role": "roles/resourcemanager.organizationAdmin"
          },
          "sensitive_attributes": [],
          "private": "bnVsbA==",
          "dependencies": [
            "google_project.bootstrap_project",
            "google_service_account.tf_service_account",
            "random_id.id"
          ]
        },
        {
          "index_key": "roles/resourcemanager.projectCreator",
          "schema_version": 0,
          "attributes": {
            "condition": [],
            "etag": "BwXVSigFOPM=",
            "id": "1098571864372/roles/resourcemanager.projectCreator/serviceAccount:sg-tf-sa@tf-bootstrap-f7359af0.iam.gserviceaccount.com",
            "member": "serviceAccount:sg-tf-sa@tf-bootstrap-f7359af0.iam.gserviceaccount.com",
            "org_id": "1098571864372",
            "role": "roles/resourcemanager.projectCreator"
          },
          "sensitive_attributes": [],
          "private": "bnVsbA==",
          "dependencies": [
            "google_project.bootstrap_project",
            "google_service_account.tf_service_account",
            "random_id.id"
          ]
        }
      ]
    },
    {
      "mode": "managed",
      "type": "google_project",
      "name": "bootstrap_project",
      "provider": "provider[\"registry.terraform.io/hashicorp/google\"]",
      "instances": [
        {
          "schema_version": 1,
          "attributes": {
            "auto_create_network": false,
            "billing_account": "01CF89-BC7A7D-004102",
            "folder_id": "",
            "id": "projects/tf-bootstrap-f7359af0",
            "labels": null,
            "name": "tf-bootstrap",
            "number": "915095066345",
            "org_id": "1098571864372",
            "project_id": "tf-bootstrap-f7359af0",
            "skip_delete": null,
            "timeouts": null
          },
          "sensitive_attributes": [],
          "private": "eyJlMmJmYjczMC1lY2FhLTExZTYtOGY4OC0zNDM2M2JjN2M0YzAiOnsiY3JlYXRlIjo2MDAwMDAwMDAwMDAsImRlbGV0ZSI6NjAwMDAwMDAwMDAwLCJyZWFkIjo2MDAwMDAwMDAwMDAsInVwZGF0ZSI6NjAwMDAwMDAwMDAwfSwic2NoZW1hX3ZlcnNpb24iOiIxIn0=",
          "dependencies": [
            "random_id.id"
          ]
        }
      ]
    },
    {
      "mode": "managed",
      "type": "google_project_default_service_accounts",
      "name": "default_sa",
      "provider": "provider[\"registry.terraform.io/hashicorp/google\"]",
      "instances": [
        {
          "schema_version": 0,
          "attributes": {
            "action": "DELETE",
            "id": "projects/tf-bootstrap-f7359af0",
            "project": "tf-bootstrap-f7359af0",
            "restore_policy": "REVERT",
            "service_accounts": {
              "102594878050360551764": "915095066345-compute@developer.gserviceaccount.com"
            },
            "timeouts": null
          },
          "sensitive_attributes": [],
          "private": "eyJlMmJmYjczMC1lY2FhLTExZTYtOGY4OC0zNDM2M2JjN2M0YzAiOnsiY3JlYXRlIjo2MDAwMDAwMDAwMDAsImRlbGV0ZSI6NjAwMDAwMDAwMDAwLCJyZWFkIjo2MDAwMDAwMDAwMDB9fQ==",
          "dependencies": [
            "google_project.bootstrap_project",
            "random_id.id"
          ]
        }
      ]
    },
    {
      "mode": "managed",
      "type": "google_project_service",
      "name": "service",
      "provider": "provider[\"registry.terraform.io/hashicorp/google\"]",
      "instances": [
        {
          "index_key": "cloudbilling.googleapis.com",
          "schema_version": 0,
          "attributes": {
            "disable_dependent_services": null,
            "disable_on_destroy": false,
            "id": "tf-bootstrap-f7359af0/cloudbilling.googleapis.com",
            "project": "tf-bootstrap-f7359af0",
            "service": "cloudbilling.googleapis.com",
            "timeouts": null
          },
          "sensitive_attributes": [],
          "private": "eyJlMmJmYjczMC1lY2FhLTExZTYtOGY4OC0zNDM2M2JjN2M0YzAiOnsiY3JlYXRlIjoxMjAwMDAwMDAwMDAwLCJkZWxldGUiOjEyMDAwMDAwMDAwMDAsInJlYWQiOjYwMDAwMDAwMDAwMCwidXBkYXRlIjoxMjAwMDAwMDAwMDAwfX0=",
          "dependencies": [
            "google_project.bootstrap_project",
            "random_id.id"
          ]
        },
        {
          "index_key": "cloudresourcemanager.googleapis.com",
          "schema_version": 0,
          "attributes": {
            "disable_dependent_services": null,
            "disable_on_destroy": false,
            "id": "tf-bootstrap-f7359af0/cloudresourcemanager.googleapis.com",
            "project": "tf-bootstrap-f7359af0",
            "service": "cloudresourcemanager.googleapis.com",
            "timeouts": null
          },
          "sensitive_attributes": [],
          "private": "eyJlMmJmYjczMC1lY2FhLTExZTYtOGY4OC0zNDM2M2JjN2M0YzAiOnsiY3JlYXRlIjoxMjAwMDAwMDAwMDAwLCJkZWxldGUiOjEyMDAwMDAwMDAwMDAsInJlYWQiOjYwMDAwMDAwMDAwMCwidXBkYXRlIjoxMjAwMDAwMDAwMDAwfX0=",
          "dependencies": [
            "google_project.bootstrap_project",
            "random_id.id"
          ]
        },
        {
          "index_key": "orgpolicy.googleapis.com",
          "schema_version": 0,
          "attributes": {
            "disable_dependent_services": null,
            "disable_on_destroy": false,
            "id": "tf-bootstrap-f7359af0/orgpolicy.googleapis.com",
            "project": "tf-bootstrap-f7359af0",
            "service": "orgpolicy.googleapis.com",
            "timeouts": null
          },
          "sensitive_attributes": [],
          "private": "eyJlMmJmYjczMC1lY2FhLTExZTYtOGY4OC0zNDM2M2JjN2M0YzAiOnsiY3JlYXRlIjoxMjAwMDAwMDAwMDAwLCJkZWxldGUiOjEyMDAwMDAwMDAwMDAsInJlYWQiOjYwMDAwMDAwMDAwMCwidXBkYXRlIjoxMjAwMDAwMDAwMDAwfX0=",
          "dependencies": [
            "google_project.bootstrap_project",
            "random_id.id"
          ]
        },
        {
          "index_key": "serviceusage.googleapis.com",
          "schema_version": 0,
          "attributes": {
            "disable_dependent_services": null,
            "disable_on_destroy": false,
            "id": "tf-bootstrap-f7359af0/serviceusage.googleapis.com",
            "project": "tf-bootstrap-f7359af0",
            "service": "serviceusage.googleapis.com",
            "timeouts": null
          },
          "sensitive_attributes": [],
          "private": "eyJlMmJmYjczMC1lY2FhLTExZTYtOGY4OC0zNDM2M2JjN2M0YzAiOnsiY3JlYXRlIjoxMjAwMDAwMDAwMDAwLCJkZWxldGUiOjEyMDAwMDAwMDAwMDAsInJlYWQiOjYwMDAwMDAwMDAwMCwidXBkYXRlIjoxMjAwMDAwMDAwMDAwfX0=",
          "dependencies": [
            "google_project.bootstrap_project",
            "random_id.id"
          ]
        }
      ]
    },
    {
      "mode": "managed",
      "type": "google_service_account",
      "name": "tf_service_account",
      "provider": "provider[\"registry.terraform.io/hashicorp/google\"]",
      "instances": [
        {
          "schema_version": 0,
          "attributes": {
            "account_id": "sg-tf-sa",
            "description": "",
            "disabled": false,
            "display_name": "SG Service Account for Terraform",
            "email": "sg-tf-sa@tf-bootstrap-f7359af0.iam.gserviceaccount.com",
            "id": "projects/tf-bootstrap-f7359af0/serviceAccounts/sg-tf-sa@tf-bootstrap-f7359af0.iam.gserviceaccount.com",
            "name": "projects/tf-bootstrap-f7359af0/serviceAccounts/sg-tf-sa@tf-bootstrap-f7359af0.iam.gserviceaccount.com",
            "project": "tf-bootstrap-f7359af0",
            "timeouts": null,
            "unique_id": "107040824447192609730"
          },
          "sensitive_attributes": [],
          "private": "eyJlMmJmYjczMC1lY2FhLTExZTYtOGY4OC0zNDM2M2JjN2M0YzAiOnsiY3JlYXRlIjozMDAwMDAwMDAwMDB9fQ==",
          "dependencies": [
            "google_project.bootstrap_project",
            "random_id.id"
          ]
        }
      ]
    },
    {
      "mode": "managed",
      "type": "google_service_account_iam_member",
      "name": "sa_iam",
      "provider": "provider[\"registry.terraform.io/hashicorp/google\"]",
      "instances": [
        {
          "index_key": "roles/iam.serviceAccountTokenCreator",
          "schema_version": 0,
          "attributes": {
            "condition": [],
            "etag": "BwXVSigDTWw=",
            "id": "projects/tf-bootstrap-f7359af0/serviceAccounts/sg-tf-sa@tf-bootstrap-f7359af0.iam.gserviceaccount.com/roles/iam.serviceAccountTokenCreator/user:me@sebastiang.eu",
            "member": "user:me@sebastiang.eu",
            "role": "roles/iam.serviceAccountTokenCreator",
            "service_account_id": "projects/tf-bootstrap-f7359af0/serviceAccounts/sg-tf-sa@tf-bootstrap-f7359af0.iam.gserviceaccount.com"
          },
          "sensitive_attributes": [],
          "private": "bnVsbA==",
          "dependencies": [
            "google_project.bootstrap_project",
            "google_service_account.tf_service_account",
            "random_id.id"
          ]
        },
        {
          "index_key": "roles/iam.serviceAccountUser",
          "schema_version": 0,
          "attributes": {
            "condition": [],
            "etag": "BwXVSihJQ8Q=",
            "id": "projects/tf-bootstrap-f7359af0/serviceAccounts/sg-tf-sa@tf-bootstrap-f7359af0.iam.gserviceaccount.com/roles/iam.serviceAccountUser/user:me@sebastiang.eu",
            "member": "user:me@sebastiang.eu",
            "role": "roles/iam.serviceAccountUser",
            "service_account_id": "projects/tf-bootstrap-f7359af0/serviceAccounts/sg-tf-sa@tf-bootstrap-f7359af0.iam.gserviceaccount.com"
          },
          "sensitive_attributes": [],
          "private": "bnVsbA==",
          "dependencies": [
            "google_project.bootstrap_project",
            "google_service_account.tf_service_account",
            "random_id.id"
          ]
        }
      ]
    },
    {
      "mode": "managed",
      "type": "random_id",
      "name": "id",
      "provider": "provider[\"registry.terraform.io/hashicorp/random\"]",
      "instances": [
        {
          "schema_version": 0,
          "attributes": {
            "b64_std": "tf-bootstrap-9zWa8A==",
            "b64_url": "tf-bootstrap-9zWa8A",
            "byte_length": 4,
            "dec": "tf-bootstrap-4147485424",
            "hex": "tf-bootstrap-f7359af0",
            "id": "9zWa8A",
            "keepers": null,
            "prefix": "tf-bootstrap-"
          },
          "sensitive_attributes": [],
          "private": "bnVsbA=="
        }
      ]
    }
  ]
}
